{
  "object": {
    "pins": [
      {
        "package": "Segment",
        "repositoryURL": "https://github.com/Glucobit-Inc/segment-analytics-ios.git",
        "state": {
          "branch": null,
          "revision": "507a5c3ac1230d89b6c741766e8a4564e257b778",
          "version": "4.1.8"
        }
      },
      {
        "package": "AppsFlyerLib",
        "repositoryURL": "https://github.com/AppsFlyerSDK/AppsFlyerFramework.git",
        "state": {
          "branch": null,
          "revision": "d23b242b28c663618bce5fe9e2f3adb85b32bfb3",
          "version": "6.17.9"
        }
      }
    ]
  },
  "version": 1
}
